
Microsoft Visual Studio Solution File, Format Version 12.00
# Visual Studio Version 16
VisualStudioVersion = 16.0.32510.428
MinimumVisualStudioVersion = 10.0.40219.1
Project("{8BC9CEB8-8B4A-11D0-8D11-00A0C91BC942}") = "NGES-6b-Gurobi", "NGES-6b-Gurobi.vcxproj", "{C7BCCF79-CB77-4AEA-AE21-27D7BCEF930D}"
EndProject
Global
	GlobalSection(SolutionConfigurationPlatforms) = preSolution
		Debug|x64 = Debug|x64
		Debug|x86 = Debug|x86
		Release|x64 = Release|x64
		Release|x86 = Release|x86
	EndGlobalSection
	GlobalSection(ProjectConfigurationPlatforms) = postSolution
		{C7BCCF79-CB77-4AEA-AE21-27D7BCEF930D}.Debug|x64.ActiveCfg = Debug|x64
		{C7BCCF79-CB77-4AEA-AE21-27D7BCEF930D}.Debug|x64.Build.0 = Debug|x64
		{C7BCCF79-CB77-4AEA-AE21-27D7BCEF930D}.Debug|x86.ActiveCfg = Debug|x64
		{C7BCCF79-CB77-4AEA-AE21-27D7BCEF930D}.Debug|x86.Build.0 = Debug|x64
		{C7BCCF79-CB77-4AEA-AE21-27D7BCEF930D}.Release|x64.ActiveCfg = Release|x64
		{C7BCCF79-CB77-4AEA-AE21-27D7BCEF930D}.Release|x64.Build.0 = Release|x64
		{C7BCCF79-CB77-4AEA-AE21-27D7BCEF930D}.Release|x86.ActiveCfg = Release|Win32
		{C7BCCF79-CB77-4AEA-AE21-27D7BCEF930D}.Release|x86.Build.0 = Release|Win32
	EndGlobalSection
	GlobalSection(SolutionProperties) = preSolution
		HideSolutionNode = FALSE
	EndGlobalSection
	GlobalSection(ExtensibilityGlobals) = postSolution
		SolutionGuid = {9841EC21-4CB1-4942-98DE-733DF22809AB}
	EndGlobalSection
EndGlobal
